
Microsoft Visual Studio Solution File, Format Version 12.00
# Visual Studio Version 17
VisualStudioVersion = 17.9.34728.123
MinimumVisualStudioVersion = 10.0.40219.1
Project("{2150E333-8FDC-42A3-9474-1A3956D46DE8}") = "Theme_2", "Theme_2", "{7E036012-9781-403B-8763-6893278BFA46}"
EndProject
Project("{2150E333-8FDC-42A3-9474-1A3956D46DE8}") = "Theme_3", "Theme_3", "{1A9DD4D6-D369-44F2-8FA0-E2BED84AA407}"
EndProject
Project("{2150E333-8FDC-42A3-9474-1A3956D46DE8}") = "Theme_4", "Theme_4", "{8A2D1333-A5E9-4A12-A09C-486D85747152}"
EndProject
Project("{FAE04EC0-301F-11D3-BF4B-00C04F79EFBC}") = "Homework_04", "Homework_04\Homework_04.csproj", "{FAA46FC4-AFA0-4340-B077-EFD39058A219}"
EndProject
Project("{FAE04EC0-301F-11D3-BF4B-00C04F79EFBC}") = "Homework_02", "Homework_02\Homework_02.csproj", "{502C51DC-3083-4C28-9AB1-6B4CDD6A08B0}"
EndProject
Project("{FAE04EC0-301F-11D3-BF4B-00C04F79EFBC}") = "Homework_03", "Homework_03\Homework_03.csproj", "{CE3D719F-52FE-464D-AAD0-55FEBA59F51D}"
EndProject
Project("{FAE04EC0-301F-11D3-BF4B-00C04F79EFBC}") = "Homework_04_01", "Homework_04_01\Homework_04_01.csproj", "{DE76957E-0D45-4235-9D72-198DA04A7707}"
EndProject
Project("{FAE04EC0-301F-11D3-BF4B-00C04F79EFBC}") = "Homework_04_02", "Homework_04_02\Homework_04_02.csproj", "{974DFFC9-3065-4505-8728-D749C56DDA43}"
EndProject
Project("{2150E333-8FDC-42A3-9474-1A3956D46DE8}") = "Theme_5", "Theme_5", "{D8D302CB-CF2D-402F-ACBE-9C79539181AB}"
EndProject
Project("{FAE04EC0-301F-11D3-BF4B-00C04F79EFBC}") = "Homework_05", "Homework_05\Homework_05.csproj", "{FF988D29-F88D-47A0-9252-E57AE1598043}"
EndProject
Project("{FAE04EC0-301F-11D3-BF4B-00C04F79EFBC}") = "Homework_05_01", "Homework_05_01\Homework_05_01.csproj", "{93628CCE-7B5B-445C-8803-650F26A5AAE7}"
EndProject
Global
	GlobalSection(SolutionConfigurationPlatforms) = preSolution
		Debug|Any CPU = Debug|Any CPU
		Release|Any CPU = Release|Any CPU
	EndGlobalSection
	GlobalSection(ProjectConfigurationPlatforms) = postSolution
		{FAA46FC4-AFA0-4340-B077-EFD39058A219}.Debug|Any CPU.ActiveCfg = Debug|Any CPU
		{FAA46FC4-AFA0-4340-B077-EFD39058A219}.Debug|Any CPU.Build.0 = Debug|Any CPU
		{FAA46FC4-AFA0-4340-B077-EFD39058A219}.Release|Any CPU.ActiveCfg = Release|Any CPU
		{FAA46FC4-AFA0-4340-B077-EFD39058A219}.Release|Any CPU.Build.0 = Release|Any CPU
		{502C51DC-3083-4C28-9AB1-6B4CDD6A08B0}.Debug|Any CPU.ActiveCfg = Debug|Any CPU
		{502C51DC-3083-4C28-9AB1-6B4CDD6A08B0}.Debug|Any CPU.Build.0 = Debug|Any CPU
		{502C51DC-3083-4C28-9AB1-6B4CDD6A08B0}.Release|Any CPU.ActiveCfg = Release|Any CPU
		{502C51DC-3083-4C28-9AB1-6B4CDD6A08B0}.Release|Any CPU.Build.0 = Release|Any CPU
		{CE3D719F-52FE-464D-AAD0-55FEBA59F51D}.Debug|Any CPU.ActiveCfg = Debug|Any CPU
		{CE3D719F-52FE-464D-AAD0-55FEBA59F51D}.Debug|Any CPU.Build.0 = Debug|Any CPU
		{CE3D719F-52FE-464D-AAD0-55FEBA59F51D}.Release|Any CPU.ActiveCfg = Release|Any CPU
		{CE3D719F-52FE-464D-AAD0-55FEBA59F51D}.Release|Any CPU.Build.0 = Release|Any CPU
		{DE76957E-0D45-4235-9D72-198DA04A7707}.Debug|Any CPU.ActiveCfg = Debug|Any CPU
		{DE76957E-0D45-4235-9D72-198DA04A7707}.Debug|Any CPU.Build.0 = Debug|Any CPU
		{DE76957E-0D45-4235-9D72-198DA04A7707}.Release|Any CPU.ActiveCfg = Release|Any CPU
		{DE76957E-0D45-4235-9D72-198DA04A7707}.Release|Any CPU.Build.0 = Release|Any CPU
		{974DFFC9-3065-4505-8728-D749C56DDA43}.Debug|Any CPU.ActiveCfg = Debug|Any CPU
		{974DFFC9-3065-4505-8728-D749C56DDA43}.Debug|Any CPU.Build.0 = Debug|Any CPU
		{974DFFC9-3065-4505-8728-D749C56DDA43}.Release|Any CPU.ActiveCfg = Release|Any CPU
		{974DFFC9-3065-4505-8728-D749C56DDA43}.Release|Any CPU.Build.0 = Release|Any CPU
		{FF988D29-F88D-47A0-9252-E57AE1598043}.Debug|Any CPU.ActiveCfg = Debug|Any CPU
		{FF988D29-F88D-47A0-9252-E57AE1598043}.Debug|Any CPU.Build.0 = Debug|Any CPU
		{FF988D29-F88D-47A0-9252-E57AE1598043}.Release|Any CPU.ActiveCfg = Release|Any CPU
		{FF988D29-F88D-47A0-9252-E57AE1598043}.Release|Any CPU.Build.0 = Release|Any CPU
		{93628CCE-7B5B-445C-8803-650F26A5AAE7}.Debug|Any CPU.ActiveCfg = Debug|Any CPU
		{93628CCE-7B5B-445C-8803-650F26A5AAE7}.Debug|Any CPU.Build.0 = Debug|Any CPU
		{93628CCE-7B5B-445C-8803-650F26A5AAE7}.Release|Any CPU.ActiveCfg = Release|Any CPU
		{93628CCE-7B5B-445C-8803-650F26A5AAE7}.Release|Any CPU.Build.0 = Release|Any CPU
	EndGlobalSection
	GlobalSection(SolutionProperties) = preSolution
		HideSolutionNode = FALSE
	EndGlobalSection
	GlobalSection(NestedProjects) = preSolution
		{FAA46FC4-AFA0-4340-B077-EFD39058A219} = {8A2D1333-A5E9-4A12-A09C-486D85747152}
		{502C51DC-3083-4C28-9AB1-6B4CDD6A08B0} = {7E036012-9781-403B-8763-6893278BFA46}
		{CE3D719F-52FE-464D-AAD0-55FEBA59F51D} = {1A9DD4D6-D369-44F2-8FA0-E2BED84AA407}
		{DE76957E-0D45-4235-9D72-198DA04A7707} = {8A2D1333-A5E9-4A12-A09C-486D85747152}
		{974DFFC9-3065-4505-8728-D749C56DDA43} = {8A2D1333-A5E9-4A12-A09C-486D85747152}
		{FF988D29-F88D-47A0-9252-E57AE1598043} = {D8D302CB-CF2D-402F-ACBE-9C79539181AB}
		{93628CCE-7B5B-445C-8803-650F26A5AAE7} = {D8D302CB-CF2D-402F-ACBE-9C79539181AB}
	EndGlobalSection
	GlobalSection(ExtensibilityGlobals) = postSolution
		SolutionGuid = {1B2CA84D-308E-47CB-9C47-575981B7700F}
	EndGlobalSection
EndGlobal
